// !$*UTF8*$!
{
	archiveVersion = 1;
	classes = {
	};
	objectVersion = 51;
	objects = {

/* Begin PBXBuildFile section */
		454B1BAA5DD1567F1E13329A /* Pods_ChatsApp.framework in Frameworks */ = {isa = PBXBuildFile; fileRef = 5896BA85DCBF8B29004F244F /* Pods_ChatsApp.framework */; };
		913E5E0F2564893F007CAA0D /* Storage.swift in Sources */ = {isa = PBXBuildFile; fileRef = 913E5E0E2564893F007CAA0D /* Storage.swift */; };
		914ECC4B254F5F8E0041B619 /* AppDelegate.swift in Sources */ = {isa = PBXBuildFile; fileRef = 914ECC4A254F5F8E0041B619 /* AppDelegate.swift */; };
		914ECC4D254F5F8E0041B619 /* SceneDelegate.swift in Sources */ = {isa = PBXBuildFile; fileRef = 914ECC4C254F5F8E0041B619 /* SceneDelegate.swift */; };
		914ECC4F254F5F8E0041B619 /* WelcomeVC.swift in Sources */ = {isa = PBXBuildFile; fileRef = 914ECC4E254F5F8E0041B619 /* WelcomeVC.swift */; };
		914ECC52254F5F8E0041B619 /* Main.storyboard in Resources */ = {isa = PBXBuildFile; fileRef = 914ECC50254F5F8E0041B619 /* Main.storyboard */; };
		914ECC54254F5F940041B619 /* Assets.xcassets in Resources */ = {isa = PBXBuildFile; fileRef = 914ECC53254F5F940041B619 /* Assets.xcassets */; };
		914ECC57254F5F940041B619 /* LaunchScreen.storyboard in Resources */ = {isa = PBXBuildFile; fileRef = 914ECC55254F5F940041B619 /* LaunchScreen.storyboard */; };
		914ECC7C254F610B0041B619 /* GoogleService-Info.plist in Resources */ = {isa = PBXBuildFile; fileRef = 914ECC7B254F610B0041B619 /* GoogleService-Info.plist */; };
		919020E72561A9CB0047D97B /* SMessageCell.swift in Sources */ = {isa = PBXBuildFile; fileRef = 919020E62561A9CB0047D97B /* SMessageCell.swift */; };
		919020EA2561A9F80047D97B /* RMessageCell.swift in Sources */ = {isa = PBXBuildFile; fileRef = 919020E92561A9F80047D97B /* RMessageCell.swift */; };
		919020ED2561AA0A0047D97B /* SIMessageCell.swift in Sources */ = {isa = PBXBuildFile; fileRef = 919020EC2561AA0A0047D97B /* SIMessageCell.swift */; };
		919020F12561AA340047D97B /* RIMessageCell.swift in Sources */ = {isa = PBXBuildFile; fileRef = 919020F02561AA340047D97B /* RIMessageCell.swift */; };
		919020F52561C39C0047D97B /* MessageRef.swift in Sources */ = {isa = PBXBuildFile; fileRef = 919020F42561C39C0047D97B /* MessageRef.swift */; };
		919020F82561D0C50047D97B /* OutMessage.swift in Sources */ = {isa = PBXBuildFile; fileRef = 919020F72561D0C50047D97B /* OutMessage.swift */; };
		91F2F2D4254F733100ECBAF7 /* Image+Extentions.swift in Sources */ = {isa = PBXBuildFile; fileRef = 91F2F2D3254F733100ECBAF7 /* Image+Extentions.swift */; };
		91F2F2D9254F73BB00ECBAF7 /* FUser.swift in Sources */ = {isa = PBXBuildFile; fileRef = 91F2F2D8254F73BB00ECBAF7 /* FUser.swift */; };
		91F2F2DC254F748400ECBAF7 /* Constance.swift in Sources */ = {isa = PBXBuildFile; fileRef = 91F2F2DB254F748400ECBAF7 /* Constance.swift */; };
		91F2F2DF254F76CE00ECBAF7 /* HelperFunc.swift in Sources */ = {isa = PBXBuildFile; fileRef = 91F2F2DE254F76CD00ECBAF7 /* HelperFunc.swift */; };
		91F2F2E2254F7AEB00ECBAF7 /* Referance.swift in Sources */ = {isa = PBXBuildFile; fileRef = 91F2F2E1254F7AEB00ECBAF7 /* Referance.swift */; };
		91F2F2E5254F8B3B00ECBAF7 /* Users.storyboard in Resources */ = {isa = PBXBuildFile; fileRef = 91F2F2E4254F8B3B00ECBAF7 /* Users.storyboard */; };
		91F2F2E8254F8C9900ECBAF7 /* UserVC.swift in Sources */ = {isa = PBXBuildFile; fileRef = 91F2F2E7254F8C9900ECBAF7 /* UserVC.swift */; };
		91F2F2EB254F8CAC00ECBAF7 /* UserCell.swift in Sources */ = {isa = PBXBuildFile; fileRef = 91F2F2EA254F8CAC00ECBAF7 /* UserCell.swift */; };
		91F2F3202550970400ECBAF7 /* StringEx.swift in Sources */ = {isa = PBXBuildFile; fileRef = 91F2F31F2550970400ECBAF7 /* StringEx.swift */; };
		91F2F32B25509D3000ECBAF7 /* FMessage.swift in Sources */ = {isa = PBXBuildFile; fileRef = 91F2F32A25509D3000ECBAF7 /* FMessage.swift */; };
		91F2F32E2550A31900ECBAF7 /* Message.storyboard in Resources */ = {isa = PBXBuildFile; fileRef = 91F2F32D2550A31900ECBAF7 /* Message.storyboard */; };
		91F2F3312550A33600ECBAF7 /* MessageVC.swift in Sources */ = {isa = PBXBuildFile; fileRef = 91F2F3302550A33600ECBAF7 /* MessageVC.swift */; };
/* End PBXBuildFile section */

/* Begin PBXFileReference section */
		5896BA85DCBF8B29004F244F /* Pods_ChatsApp.framework */ = {isa = PBXFileReference; explicitFileType = wrapper.framework; includeInIndex = 0; path = Pods_ChatsApp.framework; sourceTree = BUILT_PRODUCTS_DIR; };
		85CB3BF3CD02A00889EC7396 /* Pods-ChatsApp.release.xcconfig */ = {isa = PBXFileReference; includeInIndex = 1; lastKnownFileType = text.xcconfig; name = "Pods-ChatsApp.release.xcconfig"; path = "Target Support Files/Pods-ChatsApp/Pods-ChatsApp.release.xcconfig"; sourceTree = "<group>"; };
		913E5E0E2564893F007CAA0D /* Storage.swift */ = {isa = PBXFileReference; lastKnownFileType = sourcecode.swift; path = Storage.swift; sourceTree = "<group>"; };
		914ECC47254F5F8E0041B619 /* ChatsApp.app */ = {isa = PBXFileReference; explicitFileType = wrapper.application; includeInIndex = 0; path = ChatsApp.app; sourceTree = BUILT_PRODUCTS_DIR; };
		914ECC4A254F5F8E0041B619 /* AppDelegate.swift */ = {isa = PBXFileReference; lastKnownFileType = sourcecode.swift; path = AppDelegate.swift; sourceTree = "<group>"; };
		914ECC4C254F5F8E0041B619 /* SceneDelegate.swift */ = {isa = PBXFileReference; lastKnownFileType = sourcecode.swift; path = SceneDelegate.swift; sourceTree = "<group>"; };
		914ECC4E254F5F8E0041B619 /* WelcomeVC.swift */ = {isa = PBXFileReference; lastKnownFileType = sourcecode.swift; path = WelcomeVC.swift; sourceTree = "<group>"; };
		914ECC51254F5F8E0041B619 /* Base */ = {isa = PBXFileReference; lastKnownFileType = file.storyboard; name = Base; path = Base.lproj/Main.storyboard; sourceTree = "<group>"; };
		914ECC53254F5F940041B619 /* Assets.xcassets */ = {isa = PBXFileReference; lastKnownFileType = folder.assetcatalog; path = Assets.xcassets; sourceTree = "<group>"; };
		914ECC56254F5F940041B619 /* Base */ = {isa = PBXFileReference; lastKnownFileType = file.storyboard; name = Base; path = Base.lproj/LaunchScreen.storyboard; sourceTree = "<group>"; };
		914ECC58254F5F940041B619 /* Info.plist */ = {isa = PBXFileReference; lastKnownFileType = text.plist.xml; path = Info.plist; sourceTree = "<group>"; };
		914ECC7B254F610B0041B619 /* GoogleService-Info.plist */ = {isa = PBXFileReference; fileEncoding = 4; lastKnownFileType = text.plist.xml; path = "GoogleService-Info.plist"; sourceTree = "<group>"; };
		919020E62561A9CB0047D97B /* SMessageCell.swift */ = {isa = PBXFileReference; lastKnownFileType = sourcecode.swift; path = SMessageCell.swift; sourceTree = "<group>"; };
		919020E92561A9F80047D97B /* RMessageCell.swift */ = {isa = PBXFileReference; lastKnownFileType = sourcecode.swift; path = RMessageCell.swift; sourceTree = "<group>"; };
		919020EC2561AA0A0047D97B /* SIMessageCell.swift */ = {isa = PBXFileReference; lastKnownFileType = sourcecode.swift; path = SIMessageCell.swift; sourceTree = "<group>"; };
		919020F02561AA340047D97B /* RIMessageCell.swift */ = {isa = PBXFileReference; lastKnownFileType = sourcecode.swift; path = RIMessageCell.swift; sourceTree = "<group>"; };
		919020F42561C39C0047D97B /* MessageRef.swift */ = {isa = PBXFileReference; lastKnownFileType = sourcecode.swift; path = MessageRef.swift; sourceTree = "<group>"; };
		919020F72561D0C50047D97B /* OutMessage.swift */ = {isa = PBXFileReference; lastKnownFileType = sourcecode.swift; path = OutMessage.swift; sourceTree = "<group>"; };
		91F2F2D3254F733100ECBAF7 /* Image+Extentions.swift */ = {isa = PBXFileReference; fileEncoding = 4; lastKnownFileType = sourcecode.swift; path = "Image+Extentions.swift"; sourceTree = "<group>"; };
		91F2F2D8254F73BB00ECBAF7 /* FUser.swift */ = {isa = PBXFileReference; lastKnownFileType = sourcecode.swift; path = FUser.swift; sourceTree = "<group>"; };
		91F2F2DB254F748400ECBAF7 /* Constance.swift */ = {isa = PBXFileReference; lastKnownFileType = sourcecode.swift; path = Constance.swift; sourceTree = "<group>"; };
		91F2F2DE254F76CD00ECBAF7 /* HelperFunc.swift */ = {isa = PBXFileReference; lastKnownFileType = sourcecode.swift; path = HelperFunc.swift; sourceTree = "<group>"; };
		91F2F2E1254F7AEB00ECBAF7 /* Referance.swift */ = {isa = PBXFileReference; lastKnownFileType = sourcecode.swift; path = Referance.swift; sourceTree = "<group>"; };
		91F2F2E4254F8B3B00ECBAF7 /* Users.storyboard */ = {isa = PBXFileReference; lastKnownFileType = file.storyboard; path = Users.storyboard; sourceTree = "<group>"; };
		91F2F2E7254F8C9900ECBAF7 /* UserVC.swift */ = {isa = PBXFileReference; lastKnownFileType = sourcecode.swift; path = UserVC.swift; sourceTree = "<group>"; };
		91F2F2EA254F8CAC00ECBAF7 /* UserCell.swift */ = {isa = PBXFileReference; lastKnownFileType = sourcecode.swift; path = UserCell.swift; sourceTree = "<group>"; };
		91F2F31F2550970400ECBAF7 /* StringEx.swift */ = {isa = PBXFileReference; lastKnownFileType = sourcecode.swift; path = StringEx.swift; sourceTree = "<group>"; };
		91F2F32A25509D3000ECBAF7 /* FMessage.swift */ = {isa = PBXFileReference; lastKnownFileType = sourcecode.swift; path = FMessage.swift; sourceTree = "<group>"; };
		91F2F32D2550A31900ECBAF7 /* Message.storyboard */ = {isa = PBXFileReference; lastKnownFileType = file.storyboard; path = Message.storyboard; sourceTree = "<group>"; };
		91F2F3302550A33600ECBAF7 /* MessageVC.swift */ = {isa = PBXFileReference; lastKnownFileType = sourcecode.swift; path = MessageVC.swift; sourceTree = "<group>"; };
		CBC006D9D9FD2E7CCEA37D3E /* Pods-ChatsApp.debug.xcconfig */ = {isa = PBXFileReference; includeInIndex = 1; lastKnownFileType = text.xcconfig; name = "Pods-ChatsApp.debug.xcconfig"; path = "Target Support Files/Pods-ChatsApp/Pods-ChatsApp.debug.xcconfig"; sourceTree = "<group>"; };
/* End PBXFileReference section */

/* Begin PBXFrameworksBuildPhase section */
		914ECC44254F5F8E0041B619 /* Frameworks */ = {
			isa = PBXFrameworksBuildPhase;
			buildActionMask = 2147483647;
			files = (
				454B1BAA5DD1567F1E13329A /* Pods_ChatsApp.framework in Frameworks */,
			);
			runOnlyForDeploymentPostprocessing = 0;
		};
/* End PBXFrameworksBuildPhase section */

/* Begin PBXGroup section */
		07BA6E918651E0AA825FB059 /* Pods */ = {
			isa = PBXGroup;
			children = (
				CBC006D9D9FD2E7CCEA37D3E /* Pods-ChatsApp.debug.xcconfig */,
				85CB3BF3CD02A00889EC7396 /* Pods-ChatsApp.release.xcconfig */,
			);
			path = Pods;
			sourceTree = "<group>";
		};
		73C5EBABA7A87738BB98A201 /* Frameworks */ = {
			isa = PBXGroup;
			children = (
				5896BA85DCBF8B29004F244F /* Pods_ChatsApp.framework */,
			);
			name = Frameworks;
			sourceTree = "<group>";
		};
		914ECC3E254F5F8E0041B619 = {
			isa = PBXGroup;
			children = (
				91F2F31E255096F100ECBAF7 /* Extentation */,
				914ECC63254F5FCA0041B619 /* Core */,
				91F2F2D6254F733500ECBAF7 /* Extentions */,
				914ECC62254F5FAF0041B619 /* Helper */,
				914ECC61254F5FA90041B619 /* Controller */,
				914ECC60254F5FA30041B619 /* View */,
				914ECC5F254F5F9D0041B619 /* Model */,
				914ECC49254F5F8E0041B619 /* ChatsApp */,
				914ECC48254F5F8E0041B619 /* Products */,
				07BA6E918651E0AA825FB059 /* Pods */,
				73C5EBABA7A87738BB98A201 /* Frameworks */,
			);
			sourceTree = "<group>";
		};
		914ECC48254F5F8E0041B619 /* Products */ = {
			isa = PBXGroup;
			children = (
				914ECC47254F5F8E0041B619 /* ChatsApp.app */,
			);
			name = Products;
			sourceTree = "<group>";
		};
		914ECC49254F5F8E0041B619 /* ChatsApp */ = {
			isa = PBXGroup;
			children = (
				914ECC53254F5F940041B619 /* Assets.xcassets */,
				914ECC7B254F610B0041B619 /* GoogleService-Info.plist */,
				914ECC58254F5F940041B619 /* Info.plist */,
			);
			path = ChatsApp;
			sourceTree = "<group>";
		};
		914ECC5F254F5F9D0041B619 /* Model */ = {
			isa = PBXGroup;
			children = (
				91F2F2D8254F73BB00ECBAF7 /* FUser.swift */,
				91F2F32A25509D3000ECBAF7 /* FMessage.swift */,
				91F2F2E1254F7AEB00ECBAF7 /* Referance.swift */,
				919020F42561C39C0047D97B /* MessageRef.swift */,
				919020F72561D0C50047D97B /* OutMessage.swift */,
			);
			path = Model;
			sourceTree = "<group>";
		};
		914ECC60254F5FA30041B619 /* View */ = {
			isa = PBXGroup;
			children = (
				914ECC64254F5FE10041B619 /* Storyboard */,
				91F2F2EA254F8CAC00ECBAF7 /* UserCell.swift */,
				919020E62561A9CB0047D97B /* SMessageCell.swift */,
				919020E92561A9F80047D97B /* RMessageCell.swift */,
				919020EC2561AA0A0047D97B /* SIMessageCell.swift */,
				919020F02561AA340047D97B /* RIMessageCell.swift */,
			);
			path = View;
			sourceTree = "<group>";
		};
		914ECC61254F5FA90041B619 /* Controller */ = {
			isa = PBXGroup;
			children = (
				914ECC4E254F5F8E0041B619 /* WelcomeVC.swift */,
				91F2F2E7254F8C9900ECBAF7 /* UserVC.swift */,
				91F2F3302550A33600ECBAF7 /* MessageVC.swift */,
			);
			path = Controller;
			sourceTree = "<group>";
		};
		914ECC62254F5FAF0041B619 /* Helper */ = {
			isa = PBXGroup;
			children = (
				91F2F2DB254F748400ECBAF7 /* Constance.swift */,
				91F2F2DE254F76CD00ECBAF7 /* HelperFunc.swift */,
				913E5E0E2564893F007CAA0D /* Storage.swift */,
			);
			path = Helper;
			sourceTree = "<group>";
		};
		914ECC63254F5FCA0041B619 /* Core */ = {
			isa = PBXGroup;
			children = (
				914ECC4A254F5F8E0041B619 /* AppDelegate.swift */,
				914ECC4C254F5F8E0041B619 /* SceneDelegate.swift */,
			);
			path = Core;
			sourceTree = "<group>";
		};
		914ECC64254F5FE10041B619 /* Storyboard */ = {
			isa = PBXGroup;
			children = (
				914ECC55254F5F940041B619 /* LaunchScreen.storyboard */,
				914ECC50254F5F8E0041B619 /* Main.storyboard */,
				91F2F2E4254F8B3B00ECBAF7 /* Users.storyboard */,
				91F2F32D2550A31900ECBAF7 /* Message.storyboard */,
			);
			path = Storyboard;
			sourceTree = "<group>";
		};
		91F2F2D6254F733500ECBAF7 /* Extentions */ = {
			isa = PBXGroup;
			children = (
				91F2F2D3254F733100ECBAF7 /* Image+Extentions.swift */,
			);
			name = Extentions;
			sourceTree = "<group>";
		};
		91F2F31E255096F100ECBAF7 /* Extentation */ = {
			isa = PBXGroup;
			children = (
				91F2F31F2550970400ECBAF7 /* StringEx.swift */,
			);
			path = Extentation;
			sourceTree = "<group>";
		};
/* End PBXGroup section */

/* Begin PBXNativeTarget section */
		914ECC46254F5F8E0041B619 /* ChatsApp */ = {
			isa = PBXNativeTarget;
			buildConfigurationList = 914ECC5B254F5F940041B619 /* Build configuration list for PBXNativeTarget "ChatsApp" */;
			buildPhases = (
				D40B9A11DB1BEEA276454B93 /* [CP] Check Pods Manifest.lock */,
				914ECC43254F5F8E0041B619 /* Sources */,
				914ECC44254F5F8E0041B619 /* Frameworks */,
				914ECC45254F5F8E0041B619 /* Resources */,
				052FAD43D8BB9690FC291A55 /* [CP] Embed Pods Frameworks */,
			);
			buildRules = (
			);
			dependencies = (
			);
			name = ChatsApp;
			productName = ChatsApp;
			productReference = 914ECC47254F5F8E0041B619 /* ChatsApp.app */;
			productType = "com.apple.product-type.application";
		};
/* End PBXNativeTarget section */

/* Begin PBXProject section */
		914ECC3F254F5F8E0041B619 /* Project object */ = {
			isa = PBXProject;
			attributes = {
				LastSwiftUpdateCheck = 1210;
				LastUpgradeCheck = 1210;
				TargetAttributes = {
					914ECC46254F5F8E0041B619 = {
						CreatedOnToolsVersion = 12.1;
					};
				};
			};
			buildConfigurationList = 914ECC42254F5F8E0041B619 /* Build configuration list for PBXProject "ChatsApp" */;
			compatibilityVersion = "Xcode 9.3";
			developmentRegion = en;
			hasScannedForEncodings = 0;
			knownRegions = (
				en,
				Base,
			);
			mainGroup = 914ECC3E254F5F8E0041B619;
			productRefGroup = 914ECC48254F5F8E0041B619 /* Products */;
			projectDirPath = "";
			projectRoot = "";
			targets = (
				914ECC46254F5F8E0041B619 /* ChatsApp */,
			);
		};
/* End PBXProject section */

/* Begin PBXResourcesBuildPhase section */
		914ECC45254F5F8E0041B619 /* Resources */ = {
			isa = PBXResourcesBuildPhase;
			buildActionMask = 2147483647;
			files = (
				914ECC57254F5F940041B619 /* LaunchScreen.storyboard in Resources */,
				91F2F2E5254F8B3B00ECBAF7 /* Users.storyboard in Resources */,
				914ECC7C254F610B0041B619 /* GoogleService-Info.plist in Resources */,
				914ECC54254F5F940041B619 /* Assets.xcassets in Resources */,
				91F2F32E2550A31900ECBAF7 /* Message.storyboard in Resources */,
				914ECC52254F5F8E0041B619 /* Main.storyboard in Resources */,
			);
			runOnlyForDeploymentPostprocessing = 0;
		};
/* End PBXResourcesBuildPhase section */

/* Begin PBXShellScriptBuildPhase section */
		052FAD43D8BB9690FC291A55 /* [CP] Embed Pods Frameworks */ = {
			isa = PBXShellScriptBuildPhase;
			buildActionMask = 2147483647;
			files = (
			);
			inputFileListPaths = (
				"${PODS_ROOT}/Target Support Files/Pods-ChatsApp/Pods-ChatsApp-frameworks-${CONFIGURATION}-input-files.xcfilelist",
			);
			name = "[CP] Embed Pods Frameworks";
			outputFileListPaths = (
				"${PODS_ROOT}/Target Support Files/Pods-ChatsApp/Pods-ChatsApp-frameworks-${CONFIGURATION}-output-files.xcfilelist",
			);
			runOnlyForDeploymentPostprocessing = 0;
			shellPath = /bin/sh;
			shellScript = "\"${PODS_ROOT}/Target Support Files/Pods-ChatsApp/Pods-ChatsApp-frameworks.sh\"\n";
			showEnvVarsInLog = 0;
		};
		D40B9A11DB1BEEA276454B93 /* [CP] Check Pods Manifest.lock */ = {
			isa = PBXShellScriptBuildPhase;
			buildActionMask = 2147483647;
			files = (
			);
			inputFileListPaths = (
			);
			inputPaths = (
				"${PODS_PODFILE_DIR_PATH}/Podfile.lock",
				"${PODS_ROOT}/Manifest.lock",
			);
			name = "[CP] Check Pods Manifest.lock";
			outputFileListPaths = (
			);
			outputPaths = (
				"$(DERIVED_FILE_DIR)/Pods-ChatsApp-checkManifestLockResult.txt",
			);
			runOnlyForDeploymentPostprocessing = 0;
			shellPath = /bin/sh;
			shellScript = "diff \"${PODS_PODFILE_DIR_PATH}/Podfile.lock\" \"${PODS_ROOT}/Manifest.lock\" > /dev/null\nif [ $? != 0 ] ; then\n    # print error to STDERR\n    echo \"error: The sandbox is not in sync with the Podfile.lock. Run 'pod install' or update your CocoaPods installation.\" >&2\n    exit 1\nfi\n# This output is used by Xcode 'outputs' to avoid re-running this script phase.\necho \"SUCCESS\" > \"${SCRIPT_OUTPUT_FILE_0}\"\n";
			showEnvVarsInLog = 0;
		};
/* End PBXShellScriptBuildPhase section */

/* Begin PBXSourcesBuildPhase section */
		914ECC43254F5F8E0041B619 /* Sources */ = {
			isa = PBXSourcesBuildPhase;
			buildActionMask = 2147483647;
			files = (
				91F2F2D9254F73BB00ECBAF7 /* FUser.swift in Sources */,
				919020F52561C39C0047D97B /* MessageRef.swift in Sources */,
				91F2F2D4254F733100ECBAF7 /* Image+Extentions.swift in Sources */,
				91F2F2DC254F748400ECBAF7 /* Constance.swift in Sources */,
				919020E72561A9CB0047D97B /* SMessageCell.swift in Sources */,
				914ECC4F254F5F8E0041B619 /* WelcomeVC.swift in Sources */,
				91F2F3312550A33600ECBAF7 /* MessageVC.swift in Sources */,
				91F2F32B25509D3000ECBAF7 /* FMessage.swift in Sources */,
				914ECC4B254F5F8E0041B619 /* AppDelegate.swift in Sources */,
				913E5E0F2564893F007CAA0D /* Storage.swift in Sources */,
				919020F12561AA340047D97B /* RIMessageCell.swift in Sources */,
				919020EA2561A9F80047D97B /* RMessageCell.swift in Sources */,
				91F2F3202550970400ECBAF7 /* StringEx.swift in Sources */,
				91F2F2E2254F7AEB00ECBAF7 /* Referance.swift in Sources */,
				91F2F2DF254F76CE00ECBAF7 /* HelperFunc.swift in Sources */,
				91F2F2E8254F8C9900ECBAF7 /* UserVC.swift in Sources */,
				91F2F2EB254F8CAC00ECBAF7 /* UserCell.swift in Sources */,
				914ECC4D254F5F8E0041B619 /* SceneDelegate.swift in Sources */,
				919020ED2561AA0A0047D97B /* SIMessageCell.swift in Sources */,
				919020F82561D0C50047D97B /* OutMessage.swift in Sources */,
			);
			runOnlyForDeploymentPostprocessing = 0;
		};
/* End PBXSourcesBuildPhase section */

/* Begin PBXVariantGroup section */
		914ECC50254F5F8E0041B619 /* Main.storyboard */ = {
			isa = PBXVariantGroup;
			children = (
				914ECC51254F5F8E0041B619 /* Base */,
			);
			name = Main.storyboard;
			sourceTree = "<group>";
		};
		914ECC55254F5F940041B619 /* LaunchScreen.storyboard */ = {
			isa = PBXVariantGroup;
			children = (
				914ECC56254F5F940041B619 /* Base */,
			);
			name = LaunchScreen.storyboard;
			sourceTree = "<group>";
		};
/* End PBXVariantGroup section */

/* Begin XCBuildConfiguration section */
		914ECC59254F5F940041B619 /* Debug */ = {
			isa = XCBuildConfiguration;
			buildSettings = {
				ALWAYS_SEARCH_USER_PATHS = NO;
				CLANG_ANALYZER_NONNULL = YES;
				CLANG_ANALYZER_NUMBER_OBJECT_CONVERSION = YES_AGGRESSIVE;
				CLANG_CXX_LANGUAGE_STANDARD = "gnu++14";
				CLANG_CXX_LIBRARY = "libc++";
				CLANG_ENABLE_MODULES = YES;
				CLANG_ENABLE_OBJC_ARC = YES;
				CLANG_ENABLE_OBJC_WEAK = YES;
				CLANG_WARN_BLOCK_CAPTURE_AUTORELEASING = YES;
				CLANG_WARN_BOOL_CONVERSION = YES;
				CLANG_WARN_COMMA = YES;
				CLANG_WARN_CONSTANT_CONVERSION = YES;
				CLANG_WARN_DEPRECATED_OBJC_IMPLEMENTATIONS = YES;
				CLANG_WARN_DIRECT_OBJC_ISA_USAGE = YES_ERROR;
				CLANG_WARN_DOCUMENTATION_COMMENTS = YES;
				CLANG_WARN_EMPTY_BODY = YES;
				CLANG_WARN_ENUM_CONVERSION = YES;
				CLANG_WARN_INFINITE_RECURSION = YES;
				CLANG_WARN_INT_CONVERSION = YES;
				CLANG_WARN_NON_LITERAL_NULL_CONVERSION = YES;
				CLANG_WARN_OBJC_IMPLICIT_RETAIN_SELF = YES;
				CLANG_WARN_OBJC_LITERAL_CONVERSION = YES;
				CLANG_WARN_OBJC_ROOT_CLASS = YES_ERROR;
				CLANG_WARN_QUOTED_INCLUDE_IN_FRAMEWORK_HEADER = YES;
				CLANG_WARN_RANGE_LOOP_ANALYSIS = YES;
				CLANG_WARN_STRICT_PROTOTYPES = YES;
				CLANG_WARN_SUSPICIOUS_MOVE = YES;
				CLANG_WARN_UNGUARDED_AVAILABILITY = YES_AGGRESSIVE;
				CLANG_WARN_UNREACHABLE_CODE = YES;
				CLANG_WARN__DUPLICATE_METHOD_MATCH = YES;
				COPY_PHASE_STRIP = NO;
				DEBUG_INFORMATION_FORMAT = dwarf;
				ENABLE_STRICT_OBJC_MSGSEND = YES;
				ENABLE_TESTABILITY = YES;
				GCC_C_LANGUAGE_STANDARD = gnu11;
				GCC_DYNAMIC_NO_PIC = NO;
				GCC_NO_COMMON_BLOCKS = YES;
				GCC_OPTIMIZATION_LEVEL = 0;
				GCC_PREPROCESSOR_DEFINITIONS = (
					"DEBUG=1",
					"$(inherited)",
				);
				GCC_WARN_64_TO_32_BIT_CONVERSION = YES;
				GCC_WARN_ABOUT_RETURN_TYPE = YES_ERROR;
				GCC_WARN_UNDECLARED_SELECTOR = YES;
				GCC_WARN_UNINITIALIZED_AUTOS = YES_AGGRESSIVE;
				GCC_WARN_UNUSED_FUNCTION = YES;
				GCC_WARN_UNUSED_VARIABLE = YES;
				IPHONEOS_DEPLOYMENT_TARGET = 14.1;
				MTL_ENABLE_DEBUG_INFO = INCLUDE_SOURCE;
				MTL_FAST_MATH = YES;
				ONLY_ACTIVE_ARCH = YES;
				SDKROOT = iphoneos;
				SWIFT_ACTIVE_COMPILATION_CONDITIONS = DEBUG;
				SWIFT_OPTIMIZATION_LEVEL = "-Onone";
			};
			name = Debug;
		};
		914ECC5A254F5F940041B619 /* Release */ = {
			isa = XCBuildConfiguration;
			buildSettings = {
				ALWAYS_SEARCH_USER_PATHS = NO;
				CLANG_ANALYZER_NONNULL = YES;
				CLANG_ANALYZER_NUMBER_OBJECT_CONVERSION = YES_AGGRESSIVE;
				CLANG_CXX_LANGUAGE_STANDARD = "gnu++14";
				CLANG_CXX_LIBRARY = "libc++";
				CLANG_ENABLE_MODULES = YES;
				CLANG_ENABLE_OBJC_ARC = YES;
				CLANG_ENABLE_OBJC_WEAK = YES;
				CLANG_WARN_BLOCK_CAPTURE_AUTORELEASING = YES;
				CLANG_WARN_BOOL_CONVERSION = YES;
				CLANG_WARN_COMMA = YES;
				CLANG_WARN_CONSTANT_CONVERSION = YES;
				CLANG_WARN_DEPRECATED_OBJC_IMPLEMENTATIONS = YES;
				CLANG_WARN_DIRECT_OBJC_ISA_USAGE = YES_ERROR;
				CLANG_WARN_DOCUMENTATION_COMMENTS = YES;
				CLANG_WARN_EMPTY_BODY = YES;
				CLANG_WARN_ENUM_CONVERSION = YES;
				CLANG_WARN_INFINITE_RECURSION = YES;
				CLANG_WARN_INT_CONVERSION = YES;
				CLANG_WARN_NON_LITERAL_NULL_CONVERSION = YES;
				CLANG_WARN_OBJC_IMPLICIT_RETAIN_SELF = YES;
				CLANG_WARN_OBJC_LITERAL_CONVERSION = YES;
				CLANG_WARN_OBJC_ROOT_CLASS = YES_ERROR;
				CLANG_WARN_QUOTED_INCLUDE_IN_FRAMEWORK_HEADER = YES;
				CLANG_WARN_RANGE_LOOP_ANALYSIS = YES;
				CLANG_WARN_STRICT_PROTOTYPES = YES;
				CLANG_WARN_SUSPICIOUS_MOVE = YES;
				CLANG_WARN_UNGUARDED_AVAILABILITY = YES_AGGRESSIVE;
				CLANG_WARN_UNREACHABLE_CODE = YES;
				CLANG_WARN__DUPLICATE_METHOD_MATCH = YES;
				COPY_PHASE_STRIP = NO;
				DEBUG_INFORMATION_FORMAT = "dwarf-with-dsym";
				ENABLE_NS_ASSERTIONS = NO;
				ENABLE_STRICT_OBJC_MSGSEND = YES;
				GCC_C_LANGUAGE_STANDARD = gnu11;
				GCC_NO_COMMON_BLOCKS = YES;
				GCC_WARN_64_TO_32_BIT_CONVERSION = YES;
				GCC_WARN_ABOUT_RETURN_TYPE = YES_ERROR;
				GCC_WARN_UNDECLARED_SELECTOR = YES;
				GCC_WARN_UNINITIALIZED_AUTOS = YES_AGGRESSIVE;
				GCC_WARN_UNUSED_FUNCTION = YES;
				GCC_WARN_UNUSED_VARIABLE = YES;
				IPHONEOS_DEPLOYMENT_TARGET = 14.1;
				MTL_ENABLE_DEBUG_INFO = NO;
				MTL_FAST_MATH = YES;
				SDKROOT = iphoneos;
				SWIFT_COMPILATION_MODE = wholemodule;
				SWIFT_OPTIMIZATION_LEVEL = "-O";
				VALIDATE_PRODUCT = YES;
			};
			name = Release;
		};
		914ECC5C254F5F940041B619 /* Debug */ = {
			isa = XCBuildConfiguration;
			baseConfigurationReference = CBC006D9D9FD2E7CCEA37D3E /* Pods-ChatsApp.debug.xcconfig */;
			buildSettings = {
				ASSETCATALOG_COMPILER_APPICON_NAME = AppIcon;
				ASSETCATALOG_COMPILER_GLOBAL_ACCENT_COLOR_NAME = AccentColor;
				CODE_SIGN_STYLE = Automatic;
				DEVELOPMENT_TEAM = D4H24PLLCD;
				INFOPLIST_FILE = ChatsApp/Info.plist;
				LD_RUNPATH_SEARCH_PATHS = (
					"$(inherited)",
					"@executable_path/Frameworks",
				);
				PRODUCT_BUNDLE_IDENTIFIER = Sherbeny96.ChatsApp;
				PRODUCT_NAME = "$(TARGET_NAME)";
				SWIFT_VERSION = 5.0;
				TARGETED_DEVICE_FAMILY = "1,2";
			};
			name = Debug;
		};
		914ECC5D254F5F940041B619 /* Release */ = {
			isa = XCBuildConfiguration;
			baseConfigurationReference = 85CB3BF3CD02A00889EC7396 /* Pods-ChatsApp.release.xcconfig */;
			buildSettings = {
				ASSETCATALOG_COMPILER_APPICON_NAME = AppIcon;
				ASSETCATALOG_COMPILER_GLOBAL_ACCENT_COLOR_NAME = AccentColor;
				CODE_SIGN_STYLE = Automatic;
				DEVELOPMENT_TEAM = D4H24PLLCD;
				INFOPLIST_FILE = ChatsApp/Info.plist;
				LD_RUNPATH_SEARCH_PATHS = (
					"$(inherited)",
					"@executable_path/Frameworks",
				);
				PRODUCT_BUNDLE_IDENTIFIER = Sherbeny96.ChatsApp;
				PRODUCT_NAME = "$(TARGET_NAME)";
				SWIFT_VERSION = 5.0;
				TARGETED_DEVICE_FAMILY = "1,2";
			};
			name = Release;
		};
/* End XCBuildConfiguration section */

/* Begin XCConfigurationList section */
		914ECC42254F5F8E0041B619 /* Build configuration list for PBXProject "ChatsApp" */ = {
			isa = XCConfigurationList;
			buildConfigurations = (
				914ECC59254F5F940041B619 /* Debug */,
				914ECC5A254F5F940041B619 /* Release */,
			);
			defaultConfigurationIsVisible = 0;
			defaultConfigurationName = Release;
		};
		914ECC5B254F5F940041B619 /* Build configuration list for PBXNativeTarget "ChatsApp" */ = {
			isa = XCConfigurationList;
			buildConfigurations = (
				914ECC5C254F5F940041B619 /* Debug */,
				914ECC5D254F5F940041B619 /* Release */,
			);
			defaultConfigurationIsVisible = 0;
			defaultConfigurationName = Release;
		};
/* End XCConfigurationList section */
	};
	rootObject = 914ECC3F254F5F8E0041B619 /* Project object */;
}
